
Microsoft Visual Studio Solution File, Format Version 12.00
# Visual Studio Version 17
VisualStudioVersion = 17.8.34309.116
MinimumVisualStudioVersion = 10.0.40219.1
Project("{2150E333-8FDC-42A3-9474-1A3956D46DE8}") = "Src", "Src", "{479FF59E-6E47-430D-8EC1-F80BE6126C7E}"
EndProject
Project("{2150E333-8FDC-42A3-9474-1A3956D46DE8}") = "Test", "Test", "{B4A22687-52B9-4C23-8C89-D4C88B6B1B9B}"
EndProject
Project("{2150E333-8FDC-42A3-9474-1A3956D46DE8}") = "App", "App", "{F5BE9257-6952-42B5-AB89-CDFC09A41615}"
EndProject
Project("{2150E333-8FDC-42A3-9474-1A3956D46DE8}") = "library", "library", "{BD1EBC94-67FA-45F8-A69F-6C84CF26057F}"
EndProject
Project("{FAE04EC0-301F-11D3-BF4B-00C04F79EFBC}") = "CleanArchitecture.Domain", "Src\library\CleanArchitecture.Domain\CleanArchitecture.Domain.csproj", "{434A9B8F-FD41-4FC5-A36F-81188B9E020D}"
EndProject
Project("{FAE04EC0-301F-11D3-BF4B-00C04F79EFBC}") = "CleanArchitecture.Application", "Src\library\CleanArchitecture.Application\CleanArchitecture.Application.csproj", "{E8206049-BC20-435B-8316-CF02C950C0A2}"
EndProject
Project("{FAE04EC0-301F-11D3-BF4B-00C04F79EFBC}") = "CleanArchitecture.Infructure", "Src\library\CleanArchitecture.Infructure\CleanArchitecture.Infructure.csproj", "{52739005-53BE-46EF-A444-26EDB8B71FEA}"
EndProject
Project("{FAE04EC0-301F-11D3-BF4B-00C04F79EFBC}") = "CleanArchitecture.WebApp", "Src\App\CleanArchitecture.WebApp\CleanArchitecture.WebApp.csproj", "{1E73FE3E-911C-444C-B444-1DC8307950C9}"
EndProject
Global
	GlobalSection(SolutionConfigurationPlatforms) = preSolution
		Debug|Any CPU = Debug|Any CPU
		Release|Any CPU = Release|Any CPU
	EndGlobalSection
	GlobalSection(ProjectConfigurationPlatforms) = postSolution
		{434A9B8F-FD41-4FC5-A36F-81188B9E020D}.Debug|Any CPU.ActiveCfg = Debug|Any CPU
		{434A9B8F-FD41-4FC5-A36F-81188B9E020D}.Debug|Any CPU.Build.0 = Debug|Any CPU
		{434A9B8F-FD41-4FC5-A36F-81188B9E020D}.Release|Any CPU.ActiveCfg = Release|Any CPU
		{434A9B8F-FD41-4FC5-A36F-81188B9E020D}.Release|Any CPU.Build.0 = Release|Any CPU
		{E8206049-BC20-435B-8316-CF02C950C0A2}.Debug|Any CPU.ActiveCfg = Debug|Any CPU
		{E8206049-BC20-435B-8316-CF02C950C0A2}.Debug|Any CPU.Build.0 = Debug|Any CPU
		{E8206049-BC20-435B-8316-CF02C950C0A2}.Release|Any CPU.ActiveCfg = Release|Any CPU
		{E8206049-BC20-435B-8316-CF02C950C0A2}.Release|Any CPU.Build.0 = Release|Any CPU
		{52739005-53BE-46EF-A444-26EDB8B71FEA}.Debug|Any CPU.ActiveCfg = Debug|Any CPU
		{52739005-53BE-46EF-A444-26EDB8B71FEA}.Debug|Any CPU.Build.0 = Debug|Any CPU
		{52739005-53BE-46EF-A444-26EDB8B71FEA}.Release|Any CPU.ActiveCfg = Release|Any CPU
		{52739005-53BE-46EF-A444-26EDB8B71FEA}.Release|Any CPU.Build.0 = Release|Any CPU
		{1E73FE3E-911C-444C-B444-1DC8307950C9}.Debug|Any CPU.ActiveCfg = Debug|Any CPU
		{1E73FE3E-911C-444C-B444-1DC8307950C9}.Debug|Any CPU.Build.0 = Debug|Any CPU
		{1E73FE3E-911C-444C-B444-1DC8307950C9}.Release|Any CPU.ActiveCfg = Release|Any CPU
		{1E73FE3E-911C-444C-B444-1DC8307950C9}.Release|Any CPU.Build.0 = Release|Any CPU
	EndGlobalSection
	GlobalSection(SolutionProperties) = preSolution
		HideSolutionNode = FALSE
	EndGlobalSection
	GlobalSection(NestedProjects) = preSolution
		{F5BE9257-6952-42B5-AB89-CDFC09A41615} = {479FF59E-6E47-430D-8EC1-F80BE6126C7E}
		{BD1EBC94-67FA-45F8-A69F-6C84CF26057F} = {479FF59E-6E47-430D-8EC1-F80BE6126C7E}
		{434A9B8F-FD41-4FC5-A36F-81188B9E020D} = {BD1EBC94-67FA-45F8-A69F-6C84CF26057F}
		{E8206049-BC20-435B-8316-CF02C950C0A2} = {BD1EBC94-67FA-45F8-A69F-6C84CF26057F}
		{52739005-53BE-46EF-A444-26EDB8B71FEA} = {BD1EBC94-67FA-45F8-A69F-6C84CF26057F}
		{1E73FE3E-911C-444C-B444-1DC8307950C9} = {F5BE9257-6952-42B5-AB89-CDFC09A41615}
	EndGlobalSection
	GlobalSection(ExtensibilityGlobals) = postSolution
		SolutionGuid = {B7A96683-6D02-440B-AC4C-DD446B378283}
	EndGlobalSection
EndGlobal
